
Microsoft Visual Studio Solution File, Format Version 12.00
# Visual Studio Version 17
VisualStudioVersion = 17.7.34018.315
MinimumVisualStudioVersion = 10.0.40219.1
Project("{FAE04EC0-301F-11D3-BF4B-00C04F79EFBC}") = "MyFootballProject", "MyFootballProject\MyFootballProject.csproj", "{8ACF3E5E-9BA3-4A88-A82C-9BFFC72AE8AF}"
EndProject
Global
	GlobalSection(SolutionConfigurationPlatforms) = preSolution
		Debug|Any CPU = Debug|Any CPU
		Release|Any CPU = Release|Any CPU
	EndGlobalSection
	GlobalSection(ProjectConfigurationPlatforms) = postSolution
		{8ACF3E5E-9BA3-4A88-A82C-9BFFC72AE8AF}.Debug|Any CPU.ActiveCfg = Debug|Any CPU
		{8ACF3E5E-9BA3-4A88-A82C-9BFFC72AE8AF}.Debug|Any CPU.Build.0 = Debug|Any CPU
		{8ACF3E5E-9BA3-4A88-A82C-9BFFC72AE8AF}.Release|Any CPU.ActiveCfg = Release|Any CPU
		{8ACF3E5E-9BA3-4A88-A82C-9BFFC72AE8AF}.Release|Any CPU.Build.0 = Release|Any CPU
	EndGlobalSection
	GlobalSection(SolutionProperties) = preSolution
		HideSolutionNode = FALSE
	EndGlobalSection
	GlobalSection(ExtensibilityGlobals) = postSolution
		SolutionGuid = {2F9F7AAD-2613-4343-9A5F-F7D5B8F25F51}
	EndGlobalSection
EndGlobal
